# THIS IS AN AUTOGENERATED FILE. DO NOT EDIT THIS FILE DIRECTLY.
# yarn lockfile v1


"@prokopschield/argv@^0.1.0-2":
  version "0.1.0-2"
  resolved "https://registry.yarnpkg.com/@prokopschield/argv/-/argv-0.1.0-2.tgz#dcbf24bff803b6138133fee0afe43815709550b8"
  integrity sha512-PTf2OgAk5jHq2SjqfxF+EQydh27qciuN9mcf+1oU958m99K9eCYKxCjuOgvEHDdUZL/8w/+suwoNArH4UKsizw==

"@types/node@>=14":
  version "17.0.31"
  resolved "https://registry.yarnpkg.com/@types/node/-/node-17.0.31.tgz#a5bb84ecfa27eec5e1c802c6bbf8139bdb163a5d"
  integrity sha512-AR0x5HbXGqkEx9CadRH3EBYx/VkiUgZIhP4wvPn/+5KIsgpNoyFaRlVe0Zlx9gRtg8fA06a9tskE2MSN7TcG4Q==

ps-std@^0.1.1:
  version "0.1.1"
  resolved "https://registry.yarnpkg.com/ps-std/-/ps-std-0.1.1.tgz#f221d38e799a54282d52129964dd7f42308a78d5"
  integrity sha512-BVlnop9r+IkPilyw1uj4MQ8OyeK14XX8xC3ueQS9WBxiqFMncDzxcxMlo33K0rsZ5aRs+AWEZMtuImSR/ItzGA==
